
Microsoft Visual Studio Solution File, Format Version 12.00
# Visual Studio 15
VisualStudioVersion = 15.0.27130.2010
MinimumVisualStudioVersion = 10.0.40219.1
Project("{FAE04EC0-301F-11D3-BF4B-00C04F79EFBC}") = "SandboxConsoleApp", "SandboxConsoleApp\SandboxConsoleApp.csproj", "{BC64A848-F298-4BCA-A0D9-F541C360E644}"
EndProject
Project("{FAE04EC0-301F-11D3-BF4B-00C04F79EFBC}") = "ServerApp", "ServerApp\ServerApp.csproj", "{7031A5DE-6A19-4D69-BF4A-F758DF80EB96}"
EndProject
Project("{FAE04EC0-301F-11D3-BF4B-00C04F79EFBC}") = "Sandbox.Contracts", "Sandbox.Contracts\Sandbox.Contracts.csproj", "{9D81098E-F36B-4F89-A40A-E5DD6D0C6A4C}"
EndProject
Project("{FAE04EC0-301F-11D3-BF4B-00C04F79EFBC}") = "SandboxConsole.Tests", "SandboxConsole.Tests\SandboxConsole.Tests.csproj", "{6F7FFE53-2EFB-4671-B9ED-E62D68A85F1F}"
EndProject
Project("{FAE04EC0-301F-11D3-BF4B-00C04F79EFBC}") = "Sandbox.RabbitLib", "Sandbox.RabbitLib\Sandbox.RabbitLib.csproj", "{DDF3E7AB-B889-4704-8A30-0AF14B9CBA38}"
EndProject
Project("{FAE04EC0-301F-11D3-BF4B-00C04F79EFBC}") = "Sandbox.Core", "Sandbox.Core\Sandbox.Core.csproj", "{CD3299B6-86DC-49DF-B884-6F0CFE76849F}"
EndProject
Global
	GlobalSection(SolutionConfigurationPlatforms) = preSolution
		Debug|Any CPU = Debug|Any CPU
		Release|Any CPU = Release|Any CPU
	EndGlobalSection
	GlobalSection(ProjectConfigurationPlatforms) = postSolution
		{BC64A848-F298-4BCA-A0D9-F541C360E644}.Debug|Any CPU.ActiveCfg = Debug|Any CPU
		{BC64A848-F298-4BCA-A0D9-F541C360E644}.Debug|Any CPU.Build.0 = Debug|Any CPU
		{BC64A848-F298-4BCA-A0D9-F541C360E644}.Release|Any CPU.ActiveCfg = Release|Any CPU
		{BC64A848-F298-4BCA-A0D9-F541C360E644}.Release|Any CPU.Build.0 = Release|Any CPU
		{7031A5DE-6A19-4D69-BF4A-F758DF80EB96}.Debug|Any CPU.ActiveCfg = Debug|Any CPU
		{7031A5DE-6A19-4D69-BF4A-F758DF80EB96}.Debug|Any CPU.Build.0 = Debug|Any CPU
		{7031A5DE-6A19-4D69-BF4A-F758DF80EB96}.Release|Any CPU.ActiveCfg = Release|Any CPU
		{7031A5DE-6A19-4D69-BF4A-F758DF80EB96}.Release|Any CPU.Build.0 = Release|Any CPU
		{9D81098E-F36B-4F89-A40A-E5DD6D0C6A4C}.Debug|Any CPU.ActiveCfg = Debug|Any CPU
		{9D81098E-F36B-4F89-A40A-E5DD6D0C6A4C}.Debug|Any CPU.Build.0 = Debug|Any CPU
		{9D81098E-F36B-4F89-A40A-E5DD6D0C6A4C}.Release|Any CPU.ActiveCfg = Release|Any CPU
		{9D81098E-F36B-4F89-A40A-E5DD6D0C6A4C}.Release|Any CPU.Build.0 = Release|Any CPU
		{6F7FFE53-2EFB-4671-B9ED-E62D68A85F1F}.Debug|Any CPU.ActiveCfg = Debug|Any CPU
		{6F7FFE53-2EFB-4671-B9ED-E62D68A85F1F}.Debug|Any CPU.Build.0 = Debug|Any CPU
		{6F7FFE53-2EFB-4671-B9ED-E62D68A85F1F}.Release|Any CPU.ActiveCfg = Release|Any CPU
		{6F7FFE53-2EFB-4671-B9ED-E62D68A85F1F}.Release|Any CPU.Build.0 = Release|Any CPU
		{DDF3E7AB-B889-4704-8A30-0AF14B9CBA38}.Debug|Any CPU.ActiveCfg = Debug|Any CPU
		{DDF3E7AB-B889-4704-8A30-0AF14B9CBA38}.Debug|Any CPU.Build.0 = Debug|Any CPU
		{DDF3E7AB-B889-4704-8A30-0AF14B9CBA38}.Release|Any CPU.ActiveCfg = Release|Any CPU
		{DDF3E7AB-B889-4704-8A30-0AF14B9CBA38}.Release|Any CPU.Build.0 = Release|Any CPU
		{CD3299B6-86DC-49DF-B884-6F0CFE76849F}.Debug|Any CPU.ActiveCfg = Debug|Any CPU
		{CD3299B6-86DC-49DF-B884-6F0CFE76849F}.Debug|Any CPU.Build.0 = Debug|Any CPU
		{CD3299B6-86DC-49DF-B884-6F0CFE76849F}.Release|Any CPU.ActiveCfg = Release|Any CPU
		{CD3299B6-86DC-49DF-B884-6F0CFE76849F}.Release|Any CPU.Build.0 = Release|Any CPU
	EndGlobalSection
	GlobalSection(SolutionProperties) = preSolution
		HideSolutionNode = FALSE
	EndGlobalSection
	GlobalSection(ExtensibilityGlobals) = postSolution
		SolutionGuid = {515D3A0F-6848-4DC5-B258-32C1C4D5E781}
	EndGlobalSection
EndGlobal
